
Microsoft Visual Studio Solution File, Format Version 12.00
# Visual Studio Version 17
VisualStudioVersion = 17.8.34511.84
MinimumVisualStudioVersion = 10.0.40219.1
Project("{9A19103F-16F7-4668-BE54-9A1E7A4F7556}") = "ConsoleApp1", "ConsoleApp1.csproj", "{7161FDA4-0E5C-4FC0-BB6F-2963B2E5419E}"
EndProject
Project("{FAE04EC0-301F-11D3-BF4B-00C04F79EFBC}") = "ConsoleApp2", "..\..\ConsoleApp2\ConsoleApp2.csproj", "{BE6175F9-CEA3-42D3-A7B7-2DB64D180E7B}"
EndProject
Project("{FAE04EC0-301F-11D3-BF4B-00C04F79EFBC}") = "ConsoleApp3", "..\..\ConsoleApp3\ConsoleApp3.csproj", "{419BA46D-28B3-4170-9736-882BC666EC88}"
EndProject
Global
	GlobalSection(SolutionConfigurationPlatforms) = preSolution
		Debug|Any CPU = Debug|Any CPU
		Release|Any CPU = Release|Any CPU
	EndGlobalSection
	GlobalSection(ProjectConfigurationPlatforms) = postSolution
		{7161FDA4-0E5C-4FC0-BB6F-2963B2E5419E}.Debug|Any CPU.ActiveCfg = Debug|Any CPU
		{7161FDA4-0E5C-4FC0-BB6F-2963B2E5419E}.Debug|Any CPU.Build.0 = Debug|Any CPU
		{7161FDA4-0E5C-4FC0-BB6F-2963B2E5419E}.Release|Any CPU.ActiveCfg = Release|Any CPU
		{7161FDA4-0E5C-4FC0-BB6F-2963B2E5419E}.Release|Any CPU.Build.0 = Release|Any CPU
		{BE6175F9-CEA3-42D3-A7B7-2DB64D180E7B}.Debug|Any CPU.ActiveCfg = Debug|Any CPU
		{BE6175F9-CEA3-42D3-A7B7-2DB64D180E7B}.Debug|Any CPU.Build.0 = Debug|Any CPU
		{BE6175F9-CEA3-42D3-A7B7-2DB64D180E7B}.Release|Any CPU.ActiveCfg = Release|Any CPU
		{BE6175F9-CEA3-42D3-A7B7-2DB64D180E7B}.Release|Any CPU.Build.0 = Release|Any CPU
		{419BA46D-28B3-4170-9736-882BC666EC88}.Debug|Any CPU.ActiveCfg = Debug|Any CPU
		{419BA46D-28B3-4170-9736-882BC666EC88}.Debug|Any CPU.Build.0 = Debug|Any CPU
		{419BA46D-28B3-4170-9736-882BC666EC88}.Release|Any CPU.ActiveCfg = Release|Any CPU
		{419BA46D-28B3-4170-9736-882BC666EC88}.Release|Any CPU.Build.0 = Release|Any CPU
	EndGlobalSection
	GlobalSection(SolutionProperties) = preSolution
		HideSolutionNode = FALSE
	EndGlobalSection
	GlobalSection(ExtensibilityGlobals) = postSolution
		SolutionGuid = {2FACED35-27BB-4FCE-866C-E76032C31EA1}
	EndGlobalSection
EndGlobal
