
Microsoft Visual Studio Solution File, Format Version 12.00
# Visual Studio Version 17
VisualStudioVersion = 17.8.34511.84
MinimumVisualStudioVersion = 10.0.40219.1
Project("{FAE04EC0-301F-11D3-BF4B-00C04F79EFBC}") = "Array practice", "Array practice\Array practice.csproj", "{7BB2A95F-4A01-4007-BD8D-FFA3112E495A}"
EndProject
Global
	GlobalSection(SolutionConfigurationPlatforms) = preSolution
		Debug|Any CPU = Debug|Any CPU
		Release|Any CPU = Release|Any CPU
	EndGlobalSection
	GlobalSection(ProjectConfigurationPlatforms) = postSolution
		{7BB2A95F-4A01-4007-BD8D-FFA3112E495A}.Debug|Any CPU.ActiveCfg = Debug|Any CPU
		{7BB2A95F-4A01-4007-BD8D-FFA3112E495A}.Debug|Any CPU.Build.0 = Debug|Any CPU
		{7BB2A95F-4A01-4007-BD8D-FFA3112E495A}.Release|Any CPU.ActiveCfg = Release|Any CPU
		{7BB2A95F-4A01-4007-BD8D-FFA3112E495A}.Release|Any CPU.Build.0 = Release|Any CPU
	EndGlobalSection
	GlobalSection(SolutionProperties) = preSolution
		HideSolutionNode = FALSE
	EndGlobalSection
	GlobalSection(ExtensibilityGlobals) = postSolution
		SolutionGuid = {808F0BAA-723F-4B1A-B807-0A96618E5362}
	EndGlobalSection
EndGlobal
